
Microsoft Visual Studio Solution File, Format Version 12.00
# Visual Studio 2012
Project("{FAE04EC0-301F-11D3-BF4B-00C04F79EFBC}") = "DispObject", "DispObject\DispObject.csproj", "{BD7666E9-E9E2-42F2-9AB8-3D17D5F1070C}"
EndProject
Global
	GlobalSection(SolutionConfigurationPlatforms) = preSolution
		Debug|Any CPU = Debug|Any CPU
		Release|Any CPU = Release|Any CPU
	EndGlobalSection
	GlobalSection(ProjectConfigurationPlatforms) = postSolution
		{BD7666E9-E9E2-42F2-9AB8-3D17D5F1070C}.Debug|Any CPU.ActiveCfg = Debug|Any CPU
		{BD7666E9-E9E2-42F2-9AB8-3D17D5F1070C}.Debug|Any CPU.Build.0 = Debug|Any CPU
		{BD7666E9-E9E2-42F2-9AB8-3D17D5F1070C}.Release|Any CPU.ActiveCfg = Release|Any CPU
		{BD7666E9-E9E2-42F2-9AB8-3D17D5F1070C}.Release|Any CPU.Build.0 = Release|Any CPU
	EndGlobalSection
	GlobalSection(SolutionProperties) = preSolution
		HideSolutionNode = FALSE
	EndGlobalSection
EndGlobal
